// !$*UTF8*$!
{
	archiveVersion = 1;
	classes = {
	};
	objectVersion = 77;
	objects = {

/* Begin PBXBuildFile section */
		0A28051B2F0BADF1005BB927 /* FirebaseAuth in Frameworks */ = {isa = PBXBuildFile; productRef = 0A28051A2F0BADF1005BB927 /* FirebaseAuth */; };
		0A28051D2F0BADF1005BB927 /* FirebaseCore in Frameworks */ = {isa = PBXBuildFile; productRef = 0A28051C2F0BADF1005BB927 /* FirebaseCore */; };
		0A2805202F0BAF0B005BB927 /* ConfigKit in Frameworks */ = {isa = PBXBuildFile; productRef = 0A28051F2F0BAF0B005BB927 /* ConfigKit */; };
		0A2805232F0BAF2D005BB927 /* CoreAuth in Frameworks */ = {isa = PBXBuildFile; productRef = 0A2805222F0BAF2D005BB927 /* CoreAuth */; };
		0A2805282F0BB592005BB927 /* FirebaseAnalytics in Frameworks */ = {isa = PBXBuildFile; productRef = 0A2805272F0BB592005BB927 /* FirebaseAnalytics */; };
		0A28052A2F0BB59D005BB927 /* FirebaseCrashlytics in Frameworks */ = {isa = PBXBuildFile; productRef = 0A2805292F0BB59D005BB927 /* FirebaseCrashlytics */; };
/* End PBXBuildFile section */

/* Begin PBXFileReference section */
		0A7436362F0B97FC0068E9E5 /* PereMicroBanking.app */ = {isa = PBXFileReference; explicitFileType = wrapper.application; includeInIndex = 0; path = PereMicroBanking.app; sourceTree = BUILT_PRODUCTS_DIR; };
/* End PBXFileReference section */

/* Begin PBXFileSystemSynchronizedBuildFileExceptionSet section */
		0A93FF8E2F0CDEF4000FBC2B /* Exceptions for "PereMicroBanking" folder in "PereMicroBanking" target */ = {
			isa = PBXFileSystemSynchronizedBuildFileExceptionSet;
			membershipExceptions = (
				Info.plist,
			);
			target = 0A7436352F0B97FC0068E9E5 /* PereMicroBanking */;
		};
/* End PBXFileSystemSynchronizedBuildFileExceptionSet section */

/* Begin PBXFileSystemSynchronizedRootGroup section */
		0A7436382F0B97FC0068E9E5 /* PereMicroBanking */ = {
			isa = PBXFileSystemSynchronizedRootGroup;
			exceptions = (
				0A93FF8E2F0CDEF4000FBC2B /* Exceptions for "PereMicroBanking" folder in "PereMicroBanking" target */,
			);
			path = PereMicroBanking;
			sourceTree = "<group>";
		};
/* End PBXFileSystemSynchronizedRootGroup section */

/* Begin PBXFrameworksBuildPhase section */
		0A7436332F0B97FC0068E9E5 /* Frameworks */ = {
			isa = PBXFrameworksBuildPhase;
			buildActionMask = 2147483647;
			files = (
				0A28051D2F0BADF1005BB927 /* FirebaseCore in Frameworks */,
				0A2805202F0BAF0B005BB927 /* ConfigKit in Frameworks */,
				0A28051B2F0BADF1005BB927 /* FirebaseAuth in Frameworks */,
				0A28052A2F0BB59D005BB927 /* FirebaseCrashlytics in Frameworks */,
				0A2805282F0BB592005BB927 /* FirebaseAnalytics in Frameworks */,
				0A2805232F0BAF2D005BB927 /* CoreAuth in Frameworks */,
			);
			runOnlyForDeploymentPostprocessing = 0;
		};
/* End PBXFrameworksBuildPhase section */

/* Begin PBXGroup section */
		0A2805262F0BB592005BB927 /* Frameworks */ = {
			isa = PBXGroup;
			children = (
			);
			name = Frameworks;
			sourceTree = "<group>";
		};
		0A74362D2F0B97FC0068E9E5 = {
			isa = PBXGroup;
			children = (
				0A7436382F0B97FC0068E9E5 /* PereMicroBanking */,
				0A2805262F0BB592005BB927 /* Frameworks */,
				0A7436372F0B97FC0068E9E5 /* Products */,
			);
			sourceTree = "<group>";
		};
		0A7436372F0B97FC0068E9E5 /* Products */ = {
			isa = PBXGroup;
			children = (
				0A7436362F0B97FC0068E9E5 /* PereMicroBanking.app */,
			);
			name = Products;
			sourceTree = "<group>";
		};
/* End PBXGroup section */

/* Begin PBXNativeTarget section */
		0A7436352F0B97FC0068E9E5 /* PereMicroBanking */ = {
			isa = PBXNativeTarget;
			buildConfigurationList = 0A7436412F0B97FD0068E9E5 /* Build configuration list for PBXNativeTarget "PereMicroBanking" */;
			buildPhases = (
				0A7436322F0B97FC0068E9E5 /* Sources */,
				0A7436332F0B97FC0068E9E5 /* Frameworks */,
				0A7436342F0B97FC0068E9E5 /* Resources */,
			);
			buildRules = (
			);
			dependencies = (
			);
			fileSystemSynchronizedGroups = (
				0A7436382F0B97FC0068E9E5 /* PereMicroBanking */,
			);
			name = PereMicroBanking;
			packageProductDependencies = (
				0A28051A2F0BADF1005BB927 /* FirebaseAuth */,
				0A28051C2F0BADF1005BB927 /* FirebaseCore */,
				0A28051F2F0BAF0B005BB927 /* ConfigKit */,
				0A2805222F0BAF2D005BB927 /* CoreAuth */,
				0A2805272F0BB592005BB927 /* FirebaseAnalytics */,
				0A2805292F0BB59D005BB927 /* FirebaseCrashlytics */,
			);
			productName = PereMicroBanking;
			productReference = 0A7436362F0B97FC0068E9E5 /* PereMicroBanking.app */;
			productType = "com.apple.product-type.application";
		};
/* End PBXNativeTarget section */

/* Begin PBXProject section */
		0A74362E2F0B97FC0068E9E5 /* Project object */ = {
			isa = PBXProject;
			attributes = {
				BuildIndependentTargetsInParallel = 1;
				LastSwiftUpdateCheck = 1640;
				LastUpgradeCheck = 1640;
				TargetAttributes = {
					0A7436352F0B97FC0068E9E5 = {
						CreatedOnToolsVersion = 16.4;
					};
				};
			};
			buildConfigurationList = 0A7436312F0B97FC0068E9E5 /* Build configuration list for PBXProject "PereMicroBanking" */;
			developmentRegion = en;
			hasScannedForEncodings = 0;
			knownRegions = (
				en,
				Base,
			);
			mainGroup = 0A74362D2F0B97FC0068E9E5;
			minimizedProjectReferenceProxies = 1;
			packageReferences = (
				0A2805192F0BADF1005BB927 /* XCRemoteSwiftPackageReference "firebase-ios-sdk" */,
				0A28051E2F0BAF0B005BB927 /* XCLocalSwiftPackageReference "Packages/Core/ConfigKit" */,
				0A2805212F0BAF2D005BB927 /* XCLocalSwiftPackageReference "Packages/Core/CoreAuth" */,
			);
			preferredProjectObjectVersion = 77;
			productRefGroup = 0A7436372F0B97FC0068E9E5 /* Products */;
			projectDirPath = "";
			projectRoot = "";
			targets = (
				0A7436352F0B97FC0068E9E5 /* PereMicroBanking */,
			);
		};
/* End PBXProject section */

/* Begin PBXResourcesBuildPhase section */
		0A7436342F0B97FC0068E9E5 /* Resources */ = {
			isa = PBXResourcesBuildPhase;
			buildActionMask = 2147483647;
			files = (
			);
			runOnlyForDeploymentPostprocessing = 0;
		};
/* End PBXResourcesBuildPhase section */

/* Begin PBXSourcesBuildPhase section */
		0A7436322F0B97FC0068E9E5 /* Sources */ = {
			isa = PBXSourcesBuildPhase;
			buildActionMask = 2147483647;
			files = (
			);
			runOnlyForDeploymentPostprocessing = 0;
		};
/* End PBXSourcesBuildPhase section */

/* Begin XCBuildConfiguration section */
		0A74363F2F0B97FD0068E9E5 /* Debug */ = {
			isa = XCBuildConfiguration;
			buildSettings = {
				ALWAYS_SEARCH_USER_PATHS = NO;
				ASSETCATALOG_COMPILER_GENERATE_SWIFT_ASSET_SYMBOL_EXTENSIONS = YES;
				CLANG_ANALYZER_NONNULL = YES;
				CLANG_ANALYZER_NUMBER_OBJECT_CONVERSION = YES_AGGRESSIVE;
				CLANG_CXX_LANGUAGE_STANDARD = "gnu++20";
				CLANG_ENABLE_MODULES = YES;
				CLANG_ENABLE_OBJC_ARC = YES;
				CLANG_ENABLE_OBJC_WEAK = YES;
				CLANG_WARN_BLOCK_CAPTURE_AUTORELEASING = YES;
				CLANG_WARN_BOOL_CONVERSION = YES;
				CLANG_WARN_COMMA = YES;
				CLANG_WARN_CONSTANT_CONVERSION = YES;
				CLANG_WARN_DEPRECATED_OBJC_IMPLEMENTATIONS = YES;
				CLANG_WARN_DIRECT_OBJC_ISA_USAGE = YES_ERROR;
				CLANG_WARN_DOCUMENTATION_COMMENTS = YES;
				CLANG_WARN_EMPTY_BODY = YES;
				CLANG_WARN_ENUM_CONVERSION = YES;
				CLANG_WARN_INFINITE_RECURSION = YES;
				CLANG_WARN_INT_CONVERSION = YES;
				CLANG_WARN_NON_LITERAL_NULL_CONVERSION = YES;
				CLANG_WARN_OBJC_IMPLICIT_RETAIN_SELF = YES;
				CLANG_WARN_OBJC_LITERAL_CONVERSION = YES;
				CLANG_WARN_OBJC_ROOT_CLASS = YES_ERROR;
				CLANG_WARN_QUOTED_INCLUDE_IN_FRAMEWORK_HEADER = YES;
				CLANG_WARN_RANGE_LOOP_ANALYSIS = YES;
				CLANG_WARN_STRICT_PROTOTYPES = YES;
				CLANG_WARN_SUSPICIOUS_MOVE = YES;
				CLANG_WARN_UNGUARDED_AVAILABILITY = YES_AGGRESSIVE;
				CLANG_WARN_UNREACHABLE_CODE = YES;
				CLANG_WARN__DUPLICATE_METHOD_MATCH = YES;
				COPY_PHASE_STRIP = NO;
				DEBUG_INFORMATION_FORMAT = dwarf;
				ENABLE_STRICT_OBJC_MSGSEND = YES;
				ENABLE_TESTABILITY = YES;
				ENABLE_USER_SCRIPT_SANDBOXING = YES;
				GCC_C_LANGUAGE_STANDARD = gnu17;
				GCC_DYNAMIC_NO_PIC = NO;
				GCC_NO_COMMON_BLOCKS = YES;
				GCC_OPTIMIZATION_LEVEL = 0;
				GCC_PREPROCESSOR_DEFINITIONS = (
					"DEBUG=1",
					"$(inherited)",
				);
				GCC_WARN_64_TO_32_BIT_CONVERSION = YES;
				GCC_WARN_ABOUT_RETURN_TYPE = YES_ERROR;
				GCC_WARN_UNDECLARED_SELECTOR = YES;
				GCC_WARN_UNINITIALIZED_AUTOS = YES_AGGRESSIVE;
				GCC_WARN_UNUSED_FUNCTION = YES;
				GCC_WARN_UNUSED_VARIABLE = YES;
				IPHONEOS_DEPLOYMENT_TARGET = 18.5;
				LOCALIZATION_PREFERS_STRING_CATALOGS = YES;
				MTL_ENABLE_DEBUG_INFO = INCLUDE_SOURCE;
				MTL_FAST_MATH = YES;
				ONLY_ACTIVE_ARCH = YES;
				SDKROOT = iphoneos;
				SWIFT_ACTIVE_COMPILATION_CONDITIONS = "DEBUG $(inherited)";
				SWIFT_OPTIMIZATION_LEVEL = "-Onone";
			};
			name = Debug;
		};
		0A7436402F0B97FD0068E9E5 /* Release */ = {
			isa = XCBuildConfiguration;
			buildSettings = {
				ALWAYS_SEARCH_USER_PATHS = NO;
				ASSETCATALOG_COMPILER_GENERATE_SWIFT_ASSET_SYMBOL_EXTENSIONS = YES;
				CLANG_ANALYZER_NONNULL = YES;
				CLANG_ANALYZER_NUMBER_OBJECT_CONVERSION = YES_AGGRESSIVE;
				CLANG_CXX_LANGUAGE_STANDARD = "gnu++20";
				CLANG_ENABLE_MODULES = YES;
				CLANG_ENABLE_OBJC_ARC = YES;
				CLANG_ENABLE_OBJC_WEAK = YES;
				CLANG_WARN_BLOCK_CAPTURE_AUTORELEASING = YES;
				CLANG_WARN_BOOL_CONVERSION = YES;
				CLANG_WARN_COMMA = YES;
				CLANG_WARN_CONSTANT_CONVERSION = YES;
				CLANG_WARN_DEPRECATED_OBJC_IMPLEMENTATIONS = YES;
				CLANG_WARN_DIRECT_OBJC_ISA_USAGE = YES_ERROR;
				CLANG_WARN_DOCUMENTATION_COMMENTS = YES;
				CLANG_WARN_EMPTY_BODY = YES;
				CLANG_WARN_ENUM_CONVERSION = YES;
				CLANG_WARN_INFINITE_RECURSION = YES;
				CLANG_WARN_INT_CONVERSION = YES;
				CLANG_WARN_NON_LITERAL_NULL_CONVERSION = YES;
				CLANG_WARN_OBJC_IMPLICIT_RETAIN_SELF = YES;
				CLANG_WARN_OBJC_LITERAL_CONVERSION = YES;
				CLANG_WARN_OBJC_ROOT_CLASS = YES_ERROR;
				CLANG_WARN_QUOTED_INCLUDE_IN_FRAMEWORK_HEADER = YES;
				CLANG_WARN_RANGE_LOOP_ANALYSIS = YES;
				CLANG_WARN_STRICT_PROTOTYPES = YES;
				CLANG_WARN_SUSPICIOUS_MOVE = YES;
				CLANG_WARN_UNGUARDED_AVAILABILITY = YES_AGGRESSIVE;
				CLANG_WARN_UNREACHABLE_CODE = YES;
				CLANG_WARN__DUPLICATE_METHOD_MATCH = YES;
				COPY_PHASE_STRIP = NO;
				DEBUG_INFORMATION_FORMAT = "dwarf-with-dsym";
				ENABLE_NS_ASSERTIONS = NO;
				ENABLE_STRICT_OBJC_MSGSEND = YES;
				ENABLE_USER_SCRIPT_SANDBOXING = YES;
				GCC_C_LANGUAGE_STANDARD = gnu17;
				GCC_NO_COMMON_BLOCKS = YES;
				GCC_WARN_64_TO_32_BIT_CONVERSION = YES;
				GCC_WARN_ABOUT_RETURN_TYPE = YES_ERROR;
				GCC_WARN_UNDECLARED_SELECTOR = YES;
				GCC_WARN_UNINITIALIZED_AUTOS = YES_AGGRESSIVE;
				GCC_WARN_UNUSED_FUNCTION = YES;
				GCC_WARN_UNUSED_VARIABLE = YES;
				IPHONEOS_DEPLOYMENT_TARGET = 18.5;
				LOCALIZATION_PREFERS_STRING_CATALOGS = YES;
				MTL_ENABLE_DEBUG_INFO = NO;
				MTL_FAST_MATH = YES;
				SDKROOT = iphoneos;
				SWIFT_COMPILATION_MODE = wholemodule;
				VALIDATE_PRODUCT = YES;
			};
			name = Release;
		};
		0A7436422F0B97FD0068E9E5 /* Debug */ = {
			isa = XCBuildConfiguration;
			buildSettings = {
				ASSETCATALOG_COMPILER_APPICON_NAME = AppIcon;
				ASSETCATALOG_COMPILER_GLOBAL_ACCENT_COLOR_NAME = AccentColor;
				CODE_SIGN_STYLE = Automatic;
				CURRENT_PROJECT_VERSION = 1;
				DEVELOPMENT_TEAM = QAD9449BNE;
				ENABLE_PREVIEWS = YES;
				GENERATE_INFOPLIST_FILE = YES;
				INFOPLIST_FILE = PereMicroBanking/Info.plist;
				INFOPLIST_KEY_UIApplicationSceneManifest_Generation = YES;
				INFOPLIST_KEY_UIApplicationSupportsIndirectInputEvents = YES;
				INFOPLIST_KEY_UILaunchScreen_Generation = YES;
				INFOPLIST_KEY_UISupportedInterfaceOrientations_iPad = "UIInterfaceOrientationPortrait UIInterfaceOrientationPortraitUpsideDown UIInterfaceOrientationLandscapeLeft UIInterfaceOrientationLandscapeRight";
				INFOPLIST_KEY_UISupportedInterfaceOrientations_iPhone = "UIInterfaceOrientationPortrait UIInterfaceOrientationLandscapeLeft UIInterfaceOrientationLandscapeRight";
				LD_RUNPATH_SEARCH_PATHS = (
					"$(inherited)",
					"@executable_path/Frameworks",
				);
				MARKETING_VERSION = 1.0;
				PRODUCT_BUNDLE_IDENTIFIER = com.perennial.digiBank;
				PRODUCT_NAME = "$(TARGET_NAME)";
				SWIFT_EMIT_LOC_STRINGS = YES;
				SWIFT_VERSION = 5.0;
				TARGETED_DEVICE_FAMILY = "1,2";
			};
			name = Debug;
		};
		0A7436432F0B97FD0068E9E5 /* Release */ = {
			isa = XCBuildConfiguration;
			buildSettings = {
				ASSETCATALOG_COMPILER_APPICON_NAME = AppIcon;
				ASSETCATALOG_COMPILER_GLOBAL_ACCENT_COLOR_NAME = AccentColor;
				CODE_SIGN_STYLE = Automatic;
				CURRENT_PROJECT_VERSION = 1;
				DEVELOPMENT_TEAM = QAD9449BNE;
				ENABLE_PREVIEWS = YES;
				GENERATE_INFOPLIST_FILE = YES;
				INFOPLIST_FILE = PereMicroBanking/Info.plist;
				INFOPLIST_KEY_UIApplicationSceneManifest_Generation = YES;
				INFOPLIST_KEY_UIApplicationSupportsIndirectInputEvents = YES;
				INFOPLIST_KEY_UILaunchScreen_Generation = YES;
				INFOPLIST_KEY_UISupportedInterfaceOrientations_iPad = "UIInterfaceOrientationPortrait UIInterfaceOrientationPortraitUpsideDown UIInterfaceOrientationLandscapeLeft UIInterfaceOrientationLandscapeRight";
				INFOPLIST_KEY_UISupportedInterfaceOrientations_iPhone = "UIInterfaceOrientationPortrait UIInterfaceOrientationLandscapeLeft UIInterfaceOrientationLandscapeRight";
				INFOPLIST_PREPROCESS = YES;
				INFOPLIST_PREPROCESSOR_DEFINITIONS = "";
				LD_RUNPATH_SEARCH_PATHS = (
					"$(inherited)",
					"@executable_path/Frameworks",
				);
				MARKETING_VERSION = 1.0;
				PRODUCT_BUNDLE_IDENTIFIER = com.perennial.digiBank;
				PRODUCT_NAME = "$(TARGET_NAME)";
				SWIFT_EMIT_LOC_STRINGS = YES;
				SWIFT_VERSION = 5.0;
				TARGETED_DEVICE_FAMILY = "1,2";
			};
			name = Release;
		};
/* End XCBuildConfiguration section */

/* Begin XCConfigurationList section */
		0A7436312F0B97FC0068E9E5 /* Build configuration list for PBXProject "PereMicroBanking" */ = {
			isa = XCConfigurationList;
			buildConfigurations = (
				0A74363F2F0B97FD0068E9E5 /* Debug */,
				0A7436402F0B97FD0068E9E5 /* Release */,
			);
			defaultConfigurationIsVisible = 0;
			defaultConfigurationName = Release;
		};
		0A7436412F0B97FD0068E9E5 /* Build configuration list for PBXNativeTarget "PereMicroBanking" */ = {
			isa = XCConfigurationList;
			buildConfigurations = (
				0A7436422F0B97FD0068E9E5 /* Debug */,
				0A7436432F0B97FD0068E9E5 /* Release */,
			);
			defaultConfigurationIsVisible = 0;
			defaultConfigurationName = Release;
		};
/* End XCConfigurationList section */

/* Begin XCLocalSwiftPackageReference section */
		0A28051E2F0BAF0B005BB927 /* XCLocalSwiftPackageReference "Packages/Core/ConfigKit" */ = {
			isa = XCLocalSwiftPackageReference;
			relativePath = Packages/Core/ConfigKit;
		};
		0A2805212F0BAF2D005BB927 /* XCLocalSwiftPackageReference "Packages/Core/CoreAuth" */ = {
			isa = XCLocalSwiftPackageReference;
			relativePath = Packages/Core/CoreAuth;
		};
/* End XCLocalSwiftPackageReference section */

/* Begin XCRemoteSwiftPackageReference section */
		0A2805192F0BADF1005BB927 /* XCRemoteSwiftPackageReference "firebase-ios-sdk" */ = {
			isa = XCRemoteSwiftPackageReference;
			repositoryURL = "https://github.com/firebase/firebase-ios-sdk";
			requirement = {
				kind = upToNextMajorVersion;
				minimumVersion = 12.7.0;
			};
		};
/* End XCRemoteSwiftPackageReference section */

/* Begin XCSwiftPackageProductDependency section */
		0A28051A2F0BADF1005BB927 /* FirebaseAuth */ = {
			isa = XCSwiftPackageProductDependency;
			package = 0A2805192F0BADF1005BB927 /* XCRemoteSwiftPackageReference "firebase-ios-sdk" */;
			productName = FirebaseAuth;
		};
		0A28051C2F0BADF1005BB927 /* FirebaseCore */ = {
			isa = XCSwiftPackageProductDependency;
			package = 0A2805192F0BADF1005BB927 /* XCRemoteSwiftPackageReference "firebase-ios-sdk" */;
			productName = FirebaseCore;
		};
		0A28051F2F0BAF0B005BB927 /* ConfigKit */ = {
			isa = XCSwiftPackageProductDependency;
			productName = ConfigKit;
		};
		0A2805222F0BAF2D005BB927 /* CoreAuth */ = {
			isa = XCSwiftPackageProductDependency;
			productName = CoreAuth;
		};
		0A2805272F0BB592005BB927 /* FirebaseAnalytics */ = {
			isa = XCSwiftPackageProductDependency;
			package = 0A2805192F0BADF1005BB927 /* XCRemoteSwiftPackageReference "firebase-ios-sdk" */;
			productName = FirebaseAnalytics;
		};
		0A2805292F0BB59D005BB927 /* FirebaseCrashlytics */ = {
			isa = XCSwiftPackageProductDependency;
			package = 0A2805192F0BADF1005BB927 /* XCRemoteSwiftPackageReference "firebase-ios-sdk" */;
			productName = FirebaseCrashlytics;
		};
/* End XCSwiftPackageProductDependency section */
	};
	rootObject = 0A74362E2F0B97FC0068E9E5 /* Project object */;
}
